// !$*UTF8*$!
{
	archiveVersion = 1;
	classes = {
	};
	objectVersion = 50;
	objects = {

/* Begin PBXBuildFile section */
		82653019223C852F00E72656 /* preferencepanel.h in Headers */ = {isa = PBXBuildFile; fileRef = 82653018223C852F00E72656 /* preferencepanel.h */; };
		8265301B223C852F00E72656 /* preferencepanel.m in Sources */ = {isa = PBXBuildFile; fileRef = 8265301A223C852F00E72656 /* preferencepanel.m */; };
		8265301D223C852F00E72656 /* preferencepanel.tiff in Resources */ = {isa = PBXBuildFile; fileRef = 8265301C223C852F00E72656 /* preferencepanel.tiff */; };
		82653020223C852F00E72656 /* preferencepanel.xib in Resources */ = {isa = PBXBuildFile; fileRef = 8265301E223C852F00E72656 /* preferencepanel.xib */; };
		82653028223C903100E72656 /* 屏幕快照 2019-02-26 下午6.34.02.png in Resources */ = {isa = PBXBuildFile; fileRef = 82653027223C903100E72656 /* 屏幕快照 2019-02-26 下午6.34.02.png */; };
/* End PBXBuildFile section */

/* Begin PBXFileReference section */
		82653015223C852F00E72656 /* preferencepanel.prefPane */ = {isa = PBXFileReference; explicitFileType = wrapper.cfbundle; includeInIndex = 0; path = preferencepanel.prefPane; sourceTree = BUILT_PRODUCTS_DIR; };
		82653018223C852F00E72656 /* preferencepanel.h */ = {isa = PBXFileReference; lastKnownFileType = sourcecode.c.h; path = preferencepanel.h; sourceTree = "<group>"; };
		8265301A223C852F00E72656 /* preferencepanel.m */ = {isa = PBXFileReference; lastKnownFileType = sourcecode.c.objc; path = preferencepanel.m; sourceTree = "<group>"; };
		8265301C223C852F00E72656 /* preferencepanel.tiff */ = {isa = PBXFileReference; lastKnownFileType = image.tiff; path = preferencepanel.tiff; sourceTree = "<group>"; };
		8265301F223C852F00E72656 /* Base */ = {isa = PBXFileReference; lastKnownFileType = file.xib; name = Base; path = Base.lproj/preferencepanel.xib; sourceTree = "<group>"; };
		82653021223C852F00E72656 /* Info.plist */ = {isa = PBXFileReference; lastKnownFileType = text.plist.xml; path = Info.plist; sourceTree = "<group>"; };
		82653027223C903100E72656 /* 屏幕快照 2019-02-26 下午6.34.02.png */ = {isa = PBXFileReference; lastKnownFileType = image.png; path = "屏幕快照 2019-02-26 下午6.34.02.png"; sourceTree = "<group>"; };
/* End PBXFileReference section */

/* Begin PBXFrameworksBuildPhase section */
		82653012223C852F00E72656 /* Frameworks */ = {
			isa = PBXFrameworksBuildPhase;
			buildActionMask = 2147483647;
			files = (
			);
			runOnlyForDeploymentPostprocessing = 0;
		};
/* End PBXFrameworksBuildPhase section */

/* Begin PBXGroup section */
		8265300B223C852F00E72656 = {
			isa = PBXGroup;
			children = (
				82653017223C852F00E72656 /* preferencepanel */,
				82653016223C852F00E72656 /* Products */,
			);
			sourceTree = "<group>";
		};
		82653016223C852F00E72656 /* Products */ = {
			isa = PBXGroup;
			children = (
				82653015223C852F00E72656 /* preferencepanel.prefPane */,
			);
			name = Products;
			sourceTree = "<group>";
		};
		82653017223C852F00E72656 /* preferencepanel */ = {
			isa = PBXGroup;
			children = (
				82653018223C852F00E72656 /* preferencepanel.h */,
				8265301A223C852F00E72656 /* preferencepanel.m */,
				82653027223C903100E72656 /* 屏幕快照 2019-02-26 下午6.34.02.png */,
				8265301C223C852F00E72656 /* preferencepanel.tiff */,
				8265301E223C852F00E72656 /* preferencepanel.xib */,
				82653021223C852F00E72656 /* Info.plist */,
			);
			path = preferencepanel;
			sourceTree = "<group>";
		};
/* End PBXGroup section */

/* Begin PBXHeadersBuildPhase section */
		82653010223C852F00E72656 /* Headers */ = {
			isa = PBXHeadersBuildPhase;
			buildActionMask = 2147483647;
			files = (
				82653019223C852F00E72656 /* preferencepanel.h in Headers */,
			);
			runOnlyForDeploymentPostprocessing = 0;
		};
/* End PBXHeadersBuildPhase section */

/* Begin PBXNativeTarget section */
		82653014223C852F00E72656 /* preferencepanel */ = {
			isa = PBXNativeTarget;
			buildConfigurationList = 82653024223C852F00E72656 /* Build configuration list for PBXNativeTarget "preferencepanel" */;
			buildPhases = (
				82653010223C852F00E72656 /* Headers */,
				82653011223C852F00E72656 /* Sources */,
				82653012223C852F00E72656 /* Frameworks */,
				82653013223C852F00E72656 /* Resources */,
			);
			buildRules = (
			);
			dependencies = (
			);
			name = preferencepanel;
			productName = preferencepanel;
			productReference = 82653015223C852F00E72656 /* preferencepanel.prefPane */;
			productType = "com.apple.product-type.bundle";
		};
/* End PBXNativeTarget section */

/* Begin PBXProject section */
		8265300C223C852F00E72656 /* Project object */ = {
			isa = PBXProject;
			attributes = {
				LastUpgradeCheck = 1010;
				ORGANIZATIONNAME = ludy;
				TargetAttributes = {
					82653014223C852F00E72656 = {
						CreatedOnToolsVersion = 10.1;
					};
				};
			};
			buildConfigurationList = 8265300F223C852F00E72656 /* Build configuration list for PBXProject "preferencepanel" */;
			compatibilityVersion = "Xcode 9.3";
			developmentRegion = en;
			hasScannedForEncodings = 0;
			knownRegions = (
				en,
				Base,
			);
			mainGroup = 8265300B223C852F00E72656;
			productRefGroup = 82653016223C852F00E72656 /* Products */;
			projectDirPath = "";
			projectRoot = "";
			targets = (
				82653014223C852F00E72656 /* preferencepanel */,
			);
		};
/* End PBXProject section */

/* Begin PBXResourcesBuildPhase section */
		82653013223C852F00E72656 /* Resources */ = {
			isa = PBXResourcesBuildPhase;
			buildActionMask = 2147483647;
			files = (
				8265301D223C852F00E72656 /* preferencepanel.tiff in Resources */,
				82653028223C903100E72656 /* 屏幕快照 2019-02-26 下午6.34.02.png in Resources */,
				82653020223C852F00E72656 /* preferencepanel.xib in Resources */,
			);
			runOnlyForDeploymentPostprocessing = 0;
		};
/* End PBXResourcesBuildPhase section */

/* Begin PBXSourcesBuildPhase section */
		82653011223C852F00E72656 /* Sources */ = {
			isa = PBXSourcesBuildPhase;
			buildActionMask = 2147483647;
			files = (
				8265301B223C852F00E72656 /* preferencepanel.m in Sources */,
			);
			runOnlyForDeploymentPostprocessing = 0;
		};
/* End PBXSourcesBuildPhase section */

/* Begin PBXVariantGroup section */
		8265301E223C852F00E72656 /* preferencepanel.xib */ = {
			isa = PBXVariantGroup;
			children = (
				8265301F223C852F00E72656 /* Base */,
			);
			name = preferencepanel.xib;
			sourceTree = "<group>";
		};
/* End PBXVariantGroup section */

/* Begin XCBuildConfiguration section */
		82653022223C852F00E72656 /* Debug */ = {
			isa = XCBuildConfiguration;
			buildSettings = {
				ALWAYS_SEARCH_USER_PATHS = NO;
				CLANG_ANALYZER_NONNULL = YES;
				CLANG_ANALYZER_NUMBER_OBJECT_CONVERSION = YES_AGGRESSIVE;
				CLANG_CXX_LANGUAGE_STANDARD = "gnu++14";
				CLANG_CXX_LIBRARY = "libc++";
				CLANG_ENABLE_MODULES = YES;
				CLANG_ENABLE_OBJC_ARC = YES;
				CLANG_ENABLE_OBJC_WEAK = YES;
				CLANG_WARN_BLOCK_CAPTURE_AUTORELEASING = YES;
				CLANG_WARN_BOOL_CONVERSION = YES;
				CLANG_WARN_COMMA = YES;
				CLANG_WARN_CONSTANT_CONVERSION = YES;
				CLANG_WARN_DEPRECATED_OBJC_IMPLEMENTATIONS = YES;
				CLANG_WARN_DIRECT_OBJC_ISA_USAGE = YES_ERROR;
				CLANG_WARN_DOCUMENTATION_COMMENTS = YES;
				CLANG_WARN_EMPTY_BODY = YES;
				CLANG_WARN_ENUM_CONVERSION = YES;
				CLANG_WARN_INFINITE_RECURSION = YES;
				CLANG_WARN_INT_CONVERSION = YES;
				CLANG_WARN_NON_LITERAL_NULL_CONVERSION = YES;
				CLANG_WARN_OBJC_IMPLICIT_RETAIN_SELF = YES;
				CLANG_WARN_OBJC_LITERAL_CONVERSION = YES;
				CLANG_WARN_OBJC_ROOT_CLASS = YES_ERROR;
				CLANG_WARN_RANGE_LOOP_ANALYSIS = YES;
				CLANG_WARN_STRICT_PROTOTYPES = YES;
				CLANG_WARN_SUSPICIOUS_MOVE = YES;
				CLANG_WARN_UNGUARDED_AVAILABILITY = YES_AGGRESSIVE;
				CLANG_WARN_UNREACHABLE_CODE = YES;
				CLANG_WARN__DUPLICATE_METHOD_MATCH = YES;
				CODE_SIGN_IDENTITY = "Mac Developer";
				COPY_PHASE_STRIP = NO;
				DEBUG_INFORMATION_FORMAT = dwarf;
				ENABLE_STRICT_OBJC_MSGSEND = YES;
				ENABLE_TESTABILITY = YES;
				GCC_C_LANGUAGE_STANDARD = gnu11;
				GCC_DYNAMIC_NO_PIC = NO;
				GCC_NO_COMMON_BLOCKS = YES;
				GCC_OPTIMIZATION_LEVEL = 0;
				GCC_PREPROCESSOR_DEFINITIONS = (
					"DEBUG=1",
					"$(inherited)",
				);
				GCC_WARN_64_TO_32_BIT_CONVERSION = YES;
				GCC_WARN_ABOUT_RETURN_TYPE = YES_ERROR;
				GCC_WARN_UNDECLARED_SELECTOR = YES;
				GCC_WARN_UNINITIALIZED_AUTOS = YES_AGGRESSIVE;
				GCC_WARN_UNUSED_FUNCTION = YES;
				GCC_WARN_UNUSED_VARIABLE = YES;
				MACOSX_DEPLOYMENT_TARGET = 10.14;
				MTL_ENABLE_DEBUG_INFO = INCLUDE_SOURCE;
				MTL_FAST_MATH = YES;
				ONLY_ACTIVE_ARCH = YES;
				SDKROOT = macosx;
			};
			name = Debug;
		};
		82653023223C852F00E72656 /* Release */ = {
			isa = XCBuildConfiguration;
			buildSettings = {
				ALWAYS_SEARCH_USER_PATHS = NO;
				CLANG_ANALYZER_NONNULL = YES;
				CLANG_ANALYZER_NUMBER_OBJECT_CONVERSION = YES_AGGRESSIVE;
				CLANG_CXX_LANGUAGE_STANDARD = "gnu++14";
				CLANG_CXX_LIBRARY = "libc++";
				CLANG_ENABLE_MODULES = YES;
				CLANG_ENABLE_OBJC_ARC = YES;
				CLANG_ENABLE_OBJC_WEAK = YES;
				CLANG_WARN_BLOCK_CAPTURE_AUTORELEASING = YES;
				CLANG_WARN_BOOL_CONVERSION = YES;
				CLANG_WARN_COMMA = YES;
				CLANG_WARN_CONSTANT_CONVERSION = YES;
				CLANG_WARN_DEPRECATED_OBJC_IMPLEMENTATIONS = YES;
				CLANG_WARN_DIRECT_OBJC_ISA_USAGE = YES_ERROR;
				CLANG_WARN_DOCUMENTATION_COMMENTS = YES;
				CLANG_WARN_EMPTY_BODY = YES;
				CLANG_WARN_ENUM_CONVERSION = YES;
				CLANG_WARN_INFINITE_RECURSION = YES;
				CLANG_WARN_INT_CONVERSION = YES;
				CLANG_WARN_NON_LITERAL_NULL_CONVERSION = YES;
				CLANG_WARN_OBJC_IMPLICIT_RETAIN_SELF = YES;
				CLANG_WARN_OBJC_LITERAL_CONVERSION = YES;
				CLANG_WARN_OBJC_ROOT_CLASS = YES_ERROR;
				CLANG_WARN_RANGE_LOOP_ANALYSIS = YES;
				CLANG_WARN_STRICT_PROTOTYPES = YES;
				CLANG_WARN_SUSPICIOUS_MOVE = YES;
				CLANG_WARN_UNGUARDED_AVAILABILITY = YES_AGGRESSIVE;
				CLANG_WARN_UNREACHABLE_CODE = YES;
				CLANG_WARN__DUPLICATE_METHOD_MATCH = YES;
				CODE_SIGN_IDENTITY = "Mac Developer";
				COPY_PHASE_STRIP = NO;
				DEBUG_INFORMATION_FORMAT = "dwarf-with-dsym";
				ENABLE_NS_ASSERTIONS = NO;
				ENABLE_STRICT_OBJC_MSGSEND = YES;
				GCC_C_LANGUAGE_STANDARD = gnu11;
				GCC_NO_COMMON_BLOCKS = YES;
				GCC_WARN_64_TO_32_BIT_CONVERSION = YES;
				GCC_WARN_ABOUT_RETURN_TYPE = YES_ERROR;
				GCC_WARN_UNDECLARED_SELECTOR = YES;
				GCC_WARN_UNINITIALIZED_AUTOS = YES_AGGRESSIVE;
				GCC_WARN_UNUSED_FUNCTION = YES;
				GCC_WARN_UNUSED_VARIABLE = YES;
				MACOSX_DEPLOYMENT_TARGET = 10.14;
				MTL_ENABLE_DEBUG_INFO = NO;
				MTL_FAST_MATH = YES;
				SDKROOT = macosx;
			};
			name = Release;
		};
		82653025223C852F00E72656 /* Debug */ = {
			isa = XCBuildConfiguration;
			buildSettings = {
				CODE_SIGN_STYLE = Automatic;
				COMBINE_HIDPI_IMAGES = YES;
				DEVELOPMENT_TEAM = Z5746XC6B4;
				INFOPLIST_FILE = preferencepanel/Info.plist;
				INSTALL_PATH = "$(HOME)/Library/PreferencePanes";
				PRODUCT_BUNDLE_IDENTIFIER = com.mason.preferencepanel;
				PRODUCT_NAME = "$(TARGET_NAME)";
				WRAPPER_EXTENSION = prefPane;
			};
			name = Debug;
		};
		82653026223C852F00E72656 /* Release */ = {
			isa = XCBuildConfiguration;
			buildSettings = {
				CODE_SIGN_STYLE = Automatic;
				COMBINE_HIDPI_IMAGES = YES;
				DEVELOPMENT_TEAM = Z5746XC6B4;
				INFOPLIST_FILE = preferencepanel/Info.plist;
				INSTALL_PATH = "$(HOME)/Library/PreferencePanes";
				PRODUCT_BUNDLE_IDENTIFIER = com.mason.preferencepanel;
				PRODUCT_NAME = "$(TARGET_NAME)";
				WRAPPER_EXTENSION = prefPane;
			};
			name = Release;
		};
/* End XCBuildConfiguration section */

/* Begin XCConfigurationList section */
		8265300F223C852F00E72656 /* Build configuration list for PBXProject "preferencepanel" */ = {
			isa = XCConfigurationList;
			buildConfigurations = (
				82653022223C852F00E72656 /* Debug */,
				82653023223C852F00E72656 /* Release */,
			);
			defaultConfigurationIsVisible = 0;
			defaultConfigurationName = Release;
		};
		82653024223C852F00E72656 /* Build configuration list for PBXNativeTarget "preferencepanel" */ = {
			isa = XCConfigurationList;
			buildConfigurations = (
				82653025223C852F00E72656 /* Debug */,
				82653026223C852F00E72656 /* Release */,
			);
			defaultConfigurationIsVisible = 0;
			defaultConfigurationName = Release;
		};
/* End XCConfigurationList section */
	};
	rootObject = 8265300C223C852F00E72656 /* Project object */;
}
